
Microsoft Visual Studio Solution File, Format Version 12.00
# Visual Studio Version 17
VisualStudioVersion = 17.14.36119.2 d17.14
MinimumVisualStudioVersion = 10.0.40219.1
Project("{FAE04EC0-301F-11D3-BF4B-00C04F79EFBC}") = "BankStatementsParser", "BankStatementsParser.csproj", "{B2933E0F-B2A6-42CE-830A-D8BBFF2C6602}"
EndProject
Global
	GlobalSection(SolutionConfigurationPlatforms) = preSolution
		Debug|Any CPU = Debug|Any CPU
		Release|Any CPU = Release|Any CPU
	EndGlobalSection
	GlobalSection(ProjectConfigurationPlatforms) = postSolution
		{B2933E0F-B2A6-42CE-830A-D8BBFF2C6602}.Debug|Any CPU.ActiveCfg = Debug|Any CPU
		{B2933E0F-B2A6-42CE-830A-D8BBFF2C6602}.Debug|Any CPU.Build.0 = Debug|Any CPU
		{B2933E0F-B2A6-42CE-830A-D8BBFF2C6602}.Release|Any CPU.ActiveCfg = Release|Any CPU
		{B2933E0F-B2A6-42CE-830A-D8BBFF2C6602}.Release|Any CPU.Build.0 = Release|Any CPU
	EndGlobalSection
	GlobalSection(SolutionProperties) = preSolution
		HideSolutionNode = FALSE
	EndGlobalSection
	GlobalSection(ExtensibilityGlobals) = postSolution
		SolutionGuid = {969BF420-4E69-408A-9D0F-D2377AC62C6E}
	EndGlobalSection
EndGlobal
